
Microsoft Visual Studio Solution File, Format Version 12.00
# Visual Studio Version 17
VisualStudioVersion = 17.0.31903.59
MinimumVisualStudioVersion = 10.0.40219.1
Project("{2150E333-8FDC-42A3-9474-1A3956D46DE8}") = "src", "src", "{40A92441-831D-4F97-92D7-DB7359B1C819}"
EndProject
Project("{2150E333-8FDC-42A3-9474-1A3956D46DE8}") = "deployment", "deployment", "{560A406D-9A77-484F-B73F-7F2CEFB93116}"
EndProject
Project("{2150E333-8FDC-42A3-9474-1A3956D46DE8}") = "tests", "tests", "{E99A0720-4DF6-449B-A89C-B68CA71B3784}"
EndProject
Project("{2150E333-8FDC-42A3-9474-1A3956D46DE8}") = "Orders", "Orders", "{204745AF-BA32-4362-A495-7E41E8D0FB38}"
EndProject
Project("{2150E333-8FDC-42A3-9474-1A3956D46DE8}") = "Discounts", "Discounts", "{D5B37E77-4C32-4D93-A867-CB1B48297CEA}"
EndProject
Project("{2150E333-8FDC-42A3-9474-1A3956D46DE8}") = "Catalogs", "Catalogs", "{17F12E66-B5E8-4FDB-8895-15BEDF5EF69E}"
EndProject
Project("{2150E333-8FDC-42A3-9474-1A3956D46DE8}") = "ShoppingCarts", "ShoppingCarts", "{97EE12D4-7202-4CF8-9DCE-DCCF49232422}"
EndProject
Project("{FAE04EC0-301F-11D3-BF4B-00C04F79EFBC}") = "Catalog.API", "src\Catalog\Catalog.API\Catalog.API.csproj", "{9BB15337-E799-428E-B37B-A4CF1EBF0391}"
EndProject
Project("{FAE04EC0-301F-11D3-BF4B-00C04F79EFBC}") = "Catalog.Application", "src\Catalog\Catalog.Application\Catalog.Application.csproj", "{C95BEE73-4C5D-4DC8-86A4-7B268CB69321}"
EndProject
Project("{FAE04EC0-301F-11D3-BF4B-00C04F79EFBC}") = "Catalog.Domain", "src\Catalog\Catalog.Domain\Catalog.Domain.csproj", "{20D067AA-CAB9-49B1-B3A7-C3A9A774204E}"
EndProject
Project("{FAE04EC0-301F-11D3-BF4B-00C04F79EFBC}") = "Catalog.Infrastructure", "src\Catalog\Catalog.Infrastructure\Catalog.Infrastructure.csproj", "{267A7FBE-CA7B-49F6-B5A8-741C3E9ACED5}"
EndProject
Project("{FAE04EC0-301F-11D3-BF4B-00C04F79EFBC}") = "Discount.API", "src\Discount\Discount.API\Discount.API.csproj", "{A460F1A5-966B-4D4C-8595-6037380D34A8}"
EndProject
Project("{FAE04EC0-301F-11D3-BF4B-00C04F79EFBC}") = "Discount.Application", "src\Discount\Discount.Application\Discount.Application.csproj", "{805EFB8E-034D-45F7-96C9-BE77DE77E5F8}"
EndProject
Project("{FAE04EC0-301F-11D3-BF4B-00C04F79EFBC}") = "Discount.Domain", "src\Discount\Discount.Domain\Discount.Domain.csproj", "{66E005AC-6D62-451F-BF62-41C8B09DC588}"
EndProject
Project("{FAE04EC0-301F-11D3-BF4B-00C04F79EFBC}") = "Discount.Infrastructure", "Discount.Infrastructure\Discount.Infrastructure.csproj", "{4B083FC0-1B7A-4EC5-B8EF-592342D90DE1}"
EndProject
Project("{FAE04EC0-301F-11D3-BF4B-00C04F79EFBC}") = "DiscountInfrastructure", "src\Discount\DiscountInfrastructure\DiscountInfrastructure.csproj", "{A46BC09D-EABA-4BA1-821D-7092D538EFCE}"
EndProject
Project("{FAE04EC0-301F-11D3-BF4B-00C04F79EFBC}") = "Orders.API", "src\Ordering\Orders.API\Orders.API.csproj", "{69504568-FC2C-462F-9336-743A7ED050EA}"
EndProject
Project("{FAE04EC0-301F-11D3-BF4B-00C04F79EFBC}") = "Orders.Application", "src\Ordering\Orders.Application\Orders.Application.csproj", "{4D1F6905-3031-441C-A60E-C86D5AA4909B}"
EndProject
Project("{FAE04EC0-301F-11D3-BF4B-00C04F79EFBC}") = "Orders.Domain", "src\Ordering\Orders.Domain\Orders.Domain.csproj", "{AF78115C-ABB0-4026-9219-BDF85ADD6331}"
EndProject
Project("{FAE04EC0-301F-11D3-BF4B-00C04F79EFBC}") = "Orders.Infrastructure", "src\Ordering\Orders.Infrastructure\Orders.Infrastructure.csproj", "{8F4667A2-40F2-4018-BD5E-A6A482954DD0}"
EndProject
Project("{FAE04EC0-301F-11D3-BF4B-00C04F79EFBC}") = "ShoppingCart.API", "src\ShoppingCart\ShoppingCart.API\ShoppingCart.API.csproj", "{CA4D91D3-F03B-49D5-8CBE-CBA3886548A2}"
EndProject
Project("{FAE04EC0-301F-11D3-BF4B-00C04F79EFBC}") = "ShoppingCart.Application", "src\ShoppingCart\ShoppingCart.Application\ShoppingCart.Application.csproj", "{4C5F633E-590A-492F-BF66-98F89F025327}"
EndProject
Project("{FAE04EC0-301F-11D3-BF4B-00C04F79EFBC}") = "ShoppingCart.Domain", "src\ShoppingCart\ShoppingCart.Domain\ShoppingCart.Domain.csproj", "{ADCD649D-CB53-4A7F-B216-3A57AAB7748F}"
EndProject
Project("{FAE04EC0-301F-11D3-BF4B-00C04F79EFBC}") = "ShoppingCart.Infrastructure", "src\ShoppingCart\ShoppingCart.Infrastructure\ShoppingCart.Infrastructure.csproj", "{ED11D618-B183-4175-A1EF-855A9650DAB4}"
EndProject
Global
	GlobalSection(SolutionConfigurationPlatforms) = preSolution
		Debug|Any CPU = Debug|Any CPU
		Release|Any CPU = Release|Any CPU
	EndGlobalSection
	GlobalSection(ProjectConfigurationPlatforms) = postSolution
		{9BB15337-E799-428E-B37B-A4CF1EBF0391}.Debug|Any CPU.ActiveCfg = Debug|Any CPU
		{9BB15337-E799-428E-B37B-A4CF1EBF0391}.Debug|Any CPU.Build.0 = Debug|Any CPU
		{9BB15337-E799-428E-B37B-A4CF1EBF0391}.Release|Any CPU.ActiveCfg = Release|Any CPU
		{9BB15337-E799-428E-B37B-A4CF1EBF0391}.Release|Any CPU.Build.0 = Release|Any CPU
		{C95BEE73-4C5D-4DC8-86A4-7B268CB69321}.Debug|Any CPU.ActiveCfg = Debug|Any CPU
		{C95BEE73-4C5D-4DC8-86A4-7B268CB69321}.Debug|Any CPU.Build.0 = Debug|Any CPU
		{C95BEE73-4C5D-4DC8-86A4-7B268CB69321}.Release|Any CPU.ActiveCfg = Release|Any CPU
		{C95BEE73-4C5D-4DC8-86A4-7B268CB69321}.Release|Any CPU.Build.0 = Release|Any CPU
		{20D067AA-CAB9-49B1-B3A7-C3A9A774204E}.Debug|Any CPU.ActiveCfg = Debug|Any CPU
		{20D067AA-CAB9-49B1-B3A7-C3A9A774204E}.Debug|Any CPU.Build.0 = Debug|Any CPU
		{20D067AA-CAB9-49B1-B3A7-C3A9A774204E}.Release|Any CPU.ActiveCfg = Release|Any CPU
		{20D067AA-CAB9-49B1-B3A7-C3A9A774204E}.Release|Any CPU.Build.0 = Release|Any CPU
		{267A7FBE-CA7B-49F6-B5A8-741C3E9ACED5}.Debug|Any CPU.ActiveCfg = Debug|Any CPU
		{267A7FBE-CA7B-49F6-B5A8-741C3E9ACED5}.Debug|Any CPU.Build.0 = Debug|Any CPU
		{267A7FBE-CA7B-49F6-B5A8-741C3E9ACED5}.Release|Any CPU.ActiveCfg = Release|Any CPU
		{267A7FBE-CA7B-49F6-B5A8-741C3E9ACED5}.Release|Any CPU.Build.0 = Release|Any CPU
		{A460F1A5-966B-4D4C-8595-6037380D34A8}.Debug|Any CPU.ActiveCfg = Debug|Any CPU
		{A460F1A5-966B-4D4C-8595-6037380D34A8}.Debug|Any CPU.Build.0 = Debug|Any CPU
		{A460F1A5-966B-4D4C-8595-6037380D34A8}.Release|Any CPU.ActiveCfg = Release|Any CPU
		{A460F1A5-966B-4D4C-8595-6037380D34A8}.Release|Any CPU.Build.0 = Release|Any CPU
		{805EFB8E-034D-45F7-96C9-BE77DE77E5F8}.Debug|Any CPU.ActiveCfg = Debug|Any CPU
		{805EFB8E-034D-45F7-96C9-BE77DE77E5F8}.Debug|Any CPU.Build.0 = Debug|Any CPU
		{805EFB8E-034D-45F7-96C9-BE77DE77E5F8}.Release|Any CPU.ActiveCfg = Release|Any CPU
		{805EFB8E-034D-45F7-96C9-BE77DE77E5F8}.Release|Any CPU.Build.0 = Release|Any CPU
		{66E005AC-6D62-451F-BF62-41C8B09DC588}.Debug|Any CPU.ActiveCfg = Debug|Any CPU
		{66E005AC-6D62-451F-BF62-41C8B09DC588}.Debug|Any CPU.Build.0 = Debug|Any CPU
		{66E005AC-6D62-451F-BF62-41C8B09DC588}.Release|Any CPU.ActiveCfg = Release|Any CPU
		{66E005AC-6D62-451F-BF62-41C8B09DC588}.Release|Any CPU.Build.0 = Release|Any CPU
		{4B083FC0-1B7A-4EC5-B8EF-592342D90DE1}.Debug|Any CPU.ActiveCfg = Debug|Any CPU
		{4B083FC0-1B7A-4EC5-B8EF-592342D90DE1}.Debug|Any CPU.Build.0 = Debug|Any CPU
		{4B083FC0-1B7A-4EC5-B8EF-592342D90DE1}.Release|Any CPU.ActiveCfg = Release|Any CPU
		{4B083FC0-1B7A-4EC5-B8EF-592342D90DE1}.Release|Any CPU.Build.0 = Release|Any CPU
		{A46BC09D-EABA-4BA1-821D-7092D538EFCE}.Debug|Any CPU.ActiveCfg = Debug|Any CPU
		{A46BC09D-EABA-4BA1-821D-7092D538EFCE}.Debug|Any CPU.Build.0 = Debug|Any CPU
		{A46BC09D-EABA-4BA1-821D-7092D538EFCE}.Release|Any CPU.ActiveCfg = Release|Any CPU
		{A46BC09D-EABA-4BA1-821D-7092D538EFCE}.Release|Any CPU.Build.0 = Release|Any CPU
		{69504568-FC2C-462F-9336-743A7ED050EA}.Debug|Any CPU.ActiveCfg = Debug|Any CPU
		{69504568-FC2C-462F-9336-743A7ED050EA}.Debug|Any CPU.Build.0 = Debug|Any CPU
		{69504568-FC2C-462F-9336-743A7ED050EA}.Release|Any CPU.ActiveCfg = Release|Any CPU
		{69504568-FC2C-462F-9336-743A7ED050EA}.Release|Any CPU.Build.0 = Release|Any CPU
		{4D1F6905-3031-441C-A60E-C86D5AA4909B}.Debug|Any CPU.ActiveCfg = Debug|Any CPU
		{4D1F6905-3031-441C-A60E-C86D5AA4909B}.Debug|Any CPU.Build.0 = Debug|Any CPU
		{4D1F6905-3031-441C-A60E-C86D5AA4909B}.Release|Any CPU.ActiveCfg = Release|Any CPU
		{4D1F6905-3031-441C-A60E-C86D5AA4909B}.Release|Any CPU.Build.0 = Release|Any CPU
		{AF78115C-ABB0-4026-9219-BDF85ADD6331}.Debug|Any CPU.ActiveCfg = Debug|Any CPU
		{AF78115C-ABB0-4026-9219-BDF85ADD6331}.Debug|Any CPU.Build.0 = Debug|Any CPU
		{AF78115C-ABB0-4026-9219-BDF85ADD6331}.Release|Any CPU.ActiveCfg = Release|Any CPU
		{AF78115C-ABB0-4026-9219-BDF85ADD6331}.Release|Any CPU.Build.0 = Release|Any CPU
		{8F4667A2-40F2-4018-BD5E-A6A482954DD0}.Debug|Any CPU.ActiveCfg = Debug|Any CPU
		{8F4667A2-40F2-4018-BD5E-A6A482954DD0}.Debug|Any CPU.Build.0 = Debug|Any CPU
		{8F4667A2-40F2-4018-BD5E-A6A482954DD0}.Release|Any CPU.ActiveCfg = Release|Any CPU
		{8F4667A2-40F2-4018-BD5E-A6A482954DD0}.Release|Any CPU.Build.0 = Release|Any CPU
		{CA4D91D3-F03B-49D5-8CBE-CBA3886548A2}.Debug|Any CPU.ActiveCfg = Debug|Any CPU
		{CA4D91D3-F03B-49D5-8CBE-CBA3886548A2}.Debug|Any CPU.Build.0 = Debug|Any CPU
		{CA4D91D3-F03B-49D5-8CBE-CBA3886548A2}.Release|Any CPU.ActiveCfg = Release|Any CPU
		{CA4D91D3-F03B-49D5-8CBE-CBA3886548A2}.Release|Any CPU.Build.0 = Release|Any CPU
		{4C5F633E-590A-492F-BF66-98F89F025327}.Debug|Any CPU.ActiveCfg = Debug|Any CPU
		{4C5F633E-590A-492F-BF66-98F89F025327}.Debug|Any CPU.Build.0 = Debug|Any CPU
		{4C5F633E-590A-492F-BF66-98F89F025327}.Release|Any CPU.ActiveCfg = Release|Any CPU
		{4C5F633E-590A-492F-BF66-98F89F025327}.Release|Any CPU.Build.0 = Release|Any CPU
		{ADCD649D-CB53-4A7F-B216-3A57AAB7748F}.Debug|Any CPU.ActiveCfg = Debug|Any CPU
		{ADCD649D-CB53-4A7F-B216-3A57AAB7748F}.Debug|Any CPU.Build.0 = Debug|Any CPU
		{ADCD649D-CB53-4A7F-B216-3A57AAB7748F}.Release|Any CPU.ActiveCfg = Release|Any CPU
		{ADCD649D-CB53-4A7F-B216-3A57AAB7748F}.Release|Any CPU.Build.0 = Release|Any CPU
		{ED11D618-B183-4175-A1EF-855A9650DAB4}.Debug|Any CPU.ActiveCfg = Debug|Any CPU
		{ED11D618-B183-4175-A1EF-855A9650DAB4}.Debug|Any CPU.Build.0 = Debug|Any CPU
		{ED11D618-B183-4175-A1EF-855A9650DAB4}.Release|Any CPU.ActiveCfg = Release|Any CPU
		{ED11D618-B183-4175-A1EF-855A9650DAB4}.Release|Any CPU.Build.0 = Release|Any CPU
	EndGlobalSection
	GlobalSection(SolutionProperties) = preSolution
		HideSolutionNode = FALSE
	EndGlobalSection
	GlobalSection(NestedProjects) = preSolution
		{204745AF-BA32-4362-A495-7E41E8D0FB38} = {40A92441-831D-4F97-92D7-DB7359B1C819}
		{D5B37E77-4C32-4D93-A867-CB1B48297CEA} = {40A92441-831D-4F97-92D7-DB7359B1C819}
		{17F12E66-B5E8-4FDB-8895-15BEDF5EF69E} = {40A92441-831D-4F97-92D7-DB7359B1C819}
		{97EE12D4-7202-4CF8-9DCE-DCCF49232422} = {40A92441-831D-4F97-92D7-DB7359B1C819}
		{9BB15337-E799-428E-B37B-A4CF1EBF0391} = {17F12E66-B5E8-4FDB-8895-15BEDF5EF69E}
		{C95BEE73-4C5D-4DC8-86A4-7B268CB69321} = {17F12E66-B5E8-4FDB-8895-15BEDF5EF69E}
		{20D067AA-CAB9-49B1-B3A7-C3A9A774204E} = {17F12E66-B5E8-4FDB-8895-15BEDF5EF69E}
		{267A7FBE-CA7B-49F6-B5A8-741C3E9ACED5} = {17F12E66-B5E8-4FDB-8895-15BEDF5EF69E}
		{A460F1A5-966B-4D4C-8595-6037380D34A8} = {D5B37E77-4C32-4D93-A867-CB1B48297CEA}
		{805EFB8E-034D-45F7-96C9-BE77DE77E5F8} = {D5B37E77-4C32-4D93-A867-CB1B48297CEA}
		{66E005AC-6D62-451F-BF62-41C8B09DC588} = {D5B37E77-4C32-4D93-A867-CB1B48297CEA}
		{4B083FC0-1B7A-4EC5-B8EF-592342D90DE1} = {D5B37E77-4C32-4D93-A867-CB1B48297CEA}
		{A46BC09D-EABA-4BA1-821D-7092D538EFCE} = {D5B37E77-4C32-4D93-A867-CB1B48297CEA}
		{69504568-FC2C-462F-9336-743A7ED050EA} = {204745AF-BA32-4362-A495-7E41E8D0FB38}
		{4D1F6905-3031-441C-A60E-C86D5AA4909B} = {204745AF-BA32-4362-A495-7E41E8D0FB38}
		{AF78115C-ABB0-4026-9219-BDF85ADD6331} = {204745AF-BA32-4362-A495-7E41E8D0FB38}
		{8F4667A2-40F2-4018-BD5E-A6A482954DD0} = {204745AF-BA32-4362-A495-7E41E8D0FB38}
		{CA4D91D3-F03B-49D5-8CBE-CBA3886548A2} = {97EE12D4-7202-4CF8-9DCE-DCCF49232422}
		{4C5F633E-590A-492F-BF66-98F89F025327} = {97EE12D4-7202-4CF8-9DCE-DCCF49232422}
		{ADCD649D-CB53-4A7F-B216-3A57AAB7748F} = {97EE12D4-7202-4CF8-9DCE-DCCF49232422}
		{ED11D618-B183-4175-A1EF-855A9650DAB4} = {97EE12D4-7202-4CF8-9DCE-DCCF49232422}
	EndGlobalSection
	GlobalSection(ExtensibilityGlobals) = postSolution
		SolutionGuid = {F6EF4600-15CA-4C51-961D-72B1059FAAA4}
	EndGlobalSection
EndGlobal
